
Microsoft Visual Studio Solution File, Format Version 12.00
# Visual Studio 15
VisualStudioVersion = 15.0.27130.2010
MinimumVisualStudioVersion = 10.0.40219.1
Project("{FAE04EC0-301F-11D3-BF4B-00C04F79EFBC}") = "ConsignmentShopUI", "ConsignmentShop\ConsignmentShopUI.csproj", "{E1F5029C-EA0F-46BB-8071-932EA1497B0E}"
EndProject
Project("{FAE04EC0-301F-11D3-BF4B-00C04F79EFBC}") = "ConsignmentShopLibrary", "ConsignmentShopLibrary\ConsignmentShopLibrary.csproj", "{E04A7C26-B1C3-4BAA-BA80-6E2B0AC6F53C}"
EndProject
Global
	GlobalSection(SolutionConfigurationPlatforms) = preSolution
		Debug|Any CPU = Debug|Any CPU
		Release|Any CPU = Release|Any CPU
	EndGlobalSection
	GlobalSection(ProjectConfigurationPlatforms) = postSolution
		{E1F5029C-EA0F-46BB-8071-932EA1497B0E}.Debug|Any CPU.ActiveCfg = Debug|Any CPU
		{E1F5029C-EA0F-46BB-8071-932EA1497B0E}.Debug|Any CPU.Build.0 = Debug|Any CPU
		{E1F5029C-EA0F-46BB-8071-932EA1497B0E}.Release|Any CPU.ActiveCfg = Release|Any CPU
		{E1F5029C-EA0F-46BB-8071-932EA1497B0E}.Release|Any CPU.Build.0 = Release|Any CPU
		{E04A7C26-B1C3-4BAA-BA80-6E2B0AC6F53C}.Debug|Any CPU.ActiveCfg = Debug|Any CPU
		{E04A7C26-B1C3-4BAA-BA80-6E2B0AC6F53C}.Debug|Any CPU.Build.0 = Debug|Any CPU
		{E04A7C26-B1C3-4BAA-BA80-6E2B0AC6F53C}.Release|Any CPU.ActiveCfg = Release|Any CPU
		{E04A7C26-B1C3-4BAA-BA80-6E2B0AC6F53C}.Release|Any CPU.Build.0 = Release|Any CPU
	EndGlobalSection
	GlobalSection(SolutionProperties) = preSolution
		HideSolutionNode = FALSE
	EndGlobalSection
	GlobalSection(ExtensibilityGlobals) = postSolution
		SolutionGuid = {61327BDF-8E9A-45B6-B8AB-5F8A3BC368C5}
	EndGlobalSection
EndGlobal
